// !$*UTF8*$!
{
	archiveVersion = 1;
	classes = {
	};
	objectVersion = 46;
	objects = {

/* Begin PBXBuildFile section */
		BB0C551D19270EAB0009E7C3 /* Foundation.framework in Frameworks */ = {isa = PBXBuildFile; fileRef = BB0C551C19270EAB0009E7C3 /* Foundation.framework */; };
		BB0C551F19270EAB0009E7C3 /* CoreGraphics.framework in Frameworks */ = {isa = PBXBuildFile; fileRef = BB0C551E19270EAB0009E7C3 /* CoreGraphics.framework */; };
		BB0C552119270EAB0009E7C3 /* UIKit.framework in Frameworks */ = {isa = PBXBuildFile; fileRef = BB0C552019270EAB0009E7C3 /* UIKit.framework */; };
		BB0C552719270EAB0009E7C3 /* InfoPlist.strings in Resources */ = {isa = PBXBuildFile; fileRef = BB0C552519270EAB0009E7C3 /* InfoPlist.strings */; };
		BB0C552919270EAB0009E7C3 /* main.m in Sources */ = {isa = PBXBuildFile; fileRef = BB0C552819270EAB0009E7C3 /* main.m */; };
		BB0C552D19270EAB0009E7C3 /* AppDelegate.m in Sources */ = {isa = PBXBuildFile; fileRef = BB0C552C19270EAB0009E7C3 /* AppDelegate.m */; };
		BB0C553019270EAB0009E7C3 /* Main_iPhone.storyboard in Resources */ = {isa = PBXBuildFile; fileRef = BB0C552E19270EAB0009E7C3 /* Main_iPhone.storyboard */; };
		BB0C553319270EAB0009E7C3 /* Main_iPad.storyboard in Resources */ = {isa = PBXBuildFile; fileRef = BB0C553119270EAB0009E7C3 /* Main_iPad.storyboard */; };
		BB0C553619270EAB0009E7C3 /* ViewController.m in Sources */ = {isa = PBXBuildFile; fileRef = BB0C553519270EAB0009E7C3 /* ViewController.m */; };
		BB0C553819270EAB0009E7C3 /* Images.xcassets in Resources */ = {isa = PBXBuildFile; fileRef = BB0C553719270EAB0009E7C3 /* Images.xcassets */; };
		BB0C553F19270EAB0009E7C3 /* XCTest.framework in Frameworks */ = {isa = PBXBuildFile; fileRef = BB0C553E19270EAB0009E7C3 /* XCTest.framework */; };
		BB0C554019270EAB0009E7C3 /* Foundation.framework in Frameworks */ = {isa = PBXBuildFile; fileRef = BB0C551C19270EAB0009E7C3 /* Foundation.framework */; };
		BB0C554119270EAB0009E7C3 /* UIKit.framework in Frameworks */ = {isa = PBXBuildFile; fileRef = BB0C552019270EAB0009E7C3 /* UIKit.framework */; };
		BB0C554919270EAB0009E7C3 /* InfoPlist.strings in Resources */ = {isa = PBXBuildFile; fileRef = BB0C554719270EAB0009E7C3 /* InfoPlist.strings */; };
		BB0C554B19270EAB0009E7C3 /* parseTests.m in Sources */ = {isa = PBXBuildFile; fileRef = BB0C554A19270EAB0009E7C3 /* parseTests.m */; };
		BB0C5555192710BD0009E7C3 /* Parse.framework in Frameworks */ = {isa = PBXBuildFile; fileRef = BB0C5554192710BD0009E7C3 /* Parse.framework */; };
		BB0C5557192710F80009E7C3 /* AudioToolbox.framework in Frameworks */ = {isa = PBXBuildFile; fileRef = BB0C5556192710F80009E7C3 /* AudioToolbox.framework */; };
		BB0C5559192711070009E7C3 /* CFNetwork.framework in Frameworks */ = {isa = PBXBuildFile; fileRef = BB0C5558192711070009E7C3 /* CFNetwork.framework */; };
		BB0C555B192711200009E7C3 /* CoreLocation.framework in Frameworks */ = {isa = PBXBuildFile; fileRef = BB0C555A192711200009E7C3 /* CoreLocation.framework */; };
		BB0C555D192711380009E7C3 /* libz.1.1.3.dylib in Frameworks */ = {isa = PBXBuildFile; fileRef = BB0C555C192711380009E7C3 /* libz.1.1.3.dylib */; };
		BB0C555F1927114D0009E7C3 /* MobileCoreServices.framework in Frameworks */ = {isa = PBXBuildFile; fileRef = BB0C555E1927114D0009E7C3 /* MobileCoreServices.framework */; };
		BB0C5561192711610009E7C3 /* QuartzCore.framework in Frameworks */ = {isa = PBXBuildFile; fileRef = BB0C5560192711610009E7C3 /* QuartzCore.framework */; };
		BB0C5563192711720009E7C3 /* Security.framework in Frameworks */ = {isa = PBXBuildFile; fileRef = BB0C5562192711720009E7C3 /* Security.framework */; };
		BB0C5565192711810009E7C3 /* StoreKit.framework in Frameworks */ = {isa = PBXBuildFile; fileRef = BB0C5564192711810009E7C3 /* StoreKit.framework */; };
		BB0C55671927119B0009E7C3 /* SystemConfiguration.framework in Frameworks */ = {isa = PBXBuildFile; fileRef = BB0C55661927119B0009E7C3 /* SystemConfiguration.framework */; };
		BB0C556A19271A2A0009E7C3 /* CCTableViewController.m in Sources */ = {isa = PBXBuildFile; fileRef = BB0C556919271A2A0009E7C3 /* CCTableViewController.m */; };
/* End PBXBuildFile section */

/* Begin PBXContainerItemProxy section */
		BB0C554219270EAB0009E7C3 /* PBXContainerItemProxy */ = {
			isa = PBXContainerItemProxy;
			containerPortal = BB0C551119270EAB0009E7C3 /* Project object */;
			proxyType = 1;
			remoteGlobalIDString = BB0C551819270EAB0009E7C3;
			remoteInfo = parse;
		};
/* End PBXContainerItemProxy section */

/* Begin PBXFileReference section */
		BB0C551919270EAB0009E7C3 /* parse.app */ = {isa = PBXFileReference; explicitFileType = wrapper.application; includeInIndex = 0; path = parse.app; sourceTree = BUILT_PRODUCTS_DIR; };
		BB0C551C19270EAB0009E7C3 /* Foundation.framework */ = {isa = PBXFileReference; lastKnownFileType = wrapper.framework; name = Foundation.framework; path = System/Library/Frameworks/Foundation.framework; sourceTree = SDKROOT; };
		BB0C551E19270EAB0009E7C3 /* CoreGraphics.framework */ = {isa = PBXFileReference; lastKnownFileType = wrapper.framework; name = CoreGraphics.framework; path = System/Library/Frameworks/CoreGraphics.framework; sourceTree = SDKROOT; };
		BB0C552019270EAB0009E7C3 /* UIKit.framework */ = {isa = PBXFileReference; lastKnownFileType = wrapper.framework; name = UIKit.framework; path = System/Library/Frameworks/UIKit.framework; sourceTree = SDKROOT; };
		BB0C552419270EAB0009E7C3 /* parse-Info.plist */ = {isa = PBXFileReference; lastKnownFileType = text.plist.xml; path = "parse-Info.plist"; sourceTree = "<group>"; };
		BB0C552619270EAB0009E7C3 /* en */ = {isa = PBXFileReference; lastKnownFileType = text.plist.strings; name = en; path = en.lproj/InfoPlist.strings; sourceTree = "<group>"; };
		BB0C552819270EAB0009E7C3 /* main.m */ = {isa = PBXFileReference; lastKnownFileType = sourcecode.c.objc; path = main.m; sourceTree = "<group>"; };
		BB0C552A19270EAB0009E7C3 /* parse-Prefix.pch */ = {isa = PBXFileReference; lastKnownFileType = sourcecode.c.h; path = "parse-Prefix.pch"; sourceTree = "<group>"; };
		BB0C552B19270EAB0009E7C3 /* AppDelegate.h */ = {isa = PBXFileReference; lastKnownFileType = sourcecode.c.h; path = AppDelegate.h; sourceTree = "<group>"; };
		BB0C552C19270EAB0009E7C3 /* AppDelegate.m */ = {isa = PBXFileReference; lastKnownFileType = sourcecode.c.objc; path = AppDelegate.m; sourceTree = "<group>"; };
		BB0C552F19270EAB0009E7C3 /* Base */ = {isa = PBXFileReference; lastKnownFileType = file.storyboard; name = Base; path = Base.lproj/Main_iPhone.storyboard; sourceTree = "<group>"; };
		BB0C553219270EAB0009E7C3 /* Base */ = {isa = PBXFileReference; lastKnownFileType = file.storyboard; name = Base; path = Base.lproj/Main_iPad.storyboard; sourceTree = "<group>"; };
		BB0C553419270EAB0009E7C3 /* ViewController.h */ = {isa = PBXFileReference; lastKnownFileType = sourcecode.c.h; path = ViewController.h; sourceTree = "<group>"; };
		BB0C553519270EAB0009E7C3 /* ViewController.m */ = {isa = PBXFileReference; lastKnownFileType = sourcecode.c.objc; path = ViewController.m; sourceTree = "<group>"; };
		BB0C553719270EAB0009E7C3 /* Images.xcassets */ = {isa = PBXFileReference; lastKnownFileType = folder.assetcatalog; path = Images.xcassets; sourceTree = "<group>"; };
		BB0C553D19270EAB0009E7C3 /* parseTests.xctest */ = {isa = PBXFileReference; explicitFileType = wrapper.cfbundle; includeInIndex = 0; path = parseTests.xctest; sourceTree = BUILT_PRODUCTS_DIR; };
		BB0C553E19270EAB0009E7C3 /* XCTest.framework */ = {isa = PBXFileReference; lastKnownFileType = wrapper.framework; name = XCTest.framework; path = Library/Frameworks/XCTest.framework; sourceTree = DEVELOPER_DIR; };
		BB0C554619270EAB0009E7C3 /* parseTests-Info.plist */ = {isa = PBXFileReference; lastKnownFileType = text.plist.xml; path = "parseTests-Info.plist"; sourceTree = "<group>"; };
		BB0C554819270EAB0009E7C3 /* en */ = {isa = PBXFileReference; lastKnownFileType = text.plist.strings; name = en; path = en.lproj/InfoPlist.strings; sourceTree = "<group>"; };
		BB0C554A19270EAB0009E7C3 /* parseTests.m */ = {isa = PBXFileReference; lastKnownFileType = sourcecode.c.objc; path = parseTests.m; sourceTree = "<group>"; };
		BB0C5554192710BD0009E7C3 /* Parse.framework */ = {isa = PBXFileReference; lastKnownFileType = wrapper.framework; path = Parse.framework; sourceTree = "<group>"; };
		BB0C5556192710F80009E7C3 /* AudioToolbox.framework */ = {isa = PBXFileReference; lastKnownFileType = wrapper.framework; name = AudioToolbox.framework; path = System/Library/Frameworks/AudioToolbox.framework; sourceTree = SDKROOT; };
		BB0C5558192711070009E7C3 /* CFNetwork.framework */ = {isa = PBXFileReference; lastKnownFileType = wrapper.framework; name = CFNetwork.framework; path = System/Library/Frameworks/CFNetwork.framework; sourceTree = SDKROOT; };
		BB0C555A192711200009E7C3 /* CoreLocation.framework */ = {isa = PBXFileReference; lastKnownFileType = wrapper.framework; name = CoreLocation.framework; path = System/Library/Frameworks/CoreLocation.framework; sourceTree = SDKROOT; };
		BB0C555C192711380009E7C3 /* libz.1.1.3.dylib */ = {isa = PBXFileReference; lastKnownFileType = "compiled.mach-o.dylib"; name = libz.1.1.3.dylib; path = usr/lib/libz.1.1.3.dylib; sourceTree = SDKROOT; };
		BB0C555E1927114D0009E7C3 /* MobileCoreServices.framework */ = {isa = PBXFileReference; lastKnownFileType = wrapper.framework; name = MobileCoreServices.framework; path = System/Library/Frameworks/MobileCoreServices.framework; sourceTree = SDKROOT; };
		BB0C5560192711610009E7C3 /* QuartzCore.framework */ = {isa = PBXFileReference; lastKnownFileType = wrapper.framework; name = QuartzCore.framework; path = System/Library/Frameworks/QuartzCore.framework; sourceTree = SDKROOT; };
		BB0C5562192711720009E7C3 /* Security.framework */ = {isa = PBXFileReference; lastKnownFileType = wrapper.framework; name = Security.framework; path = System/Library/Frameworks/Security.framework; sourceTree = SDKROOT; };
		BB0C5564192711810009E7C3 /* StoreKit.framework */ = {isa = PBXFileReference; lastKnownFileType = wrapper.framework; name = StoreKit.framework; path = System/Library/Frameworks/StoreKit.framework; sourceTree = SDKROOT; };
		BB0C55661927119B0009E7C3 /* SystemConfiguration.framework */ = {isa = PBXFileReference; lastKnownFileType = wrapper.framework; name = SystemConfiguration.framework; path = System/Library/Frameworks/SystemConfiguration.framework; sourceTree = SDKROOT; };
		BB0C556819271A2A0009E7C3 /* CCTableViewController.h */ = {isa = PBXFileReference; fileEncoding = 4; lastKnownFileType = sourcecode.c.h; path = CCTableViewController.h; sourceTree = "<group>"; };
		BB0C556919271A2A0009E7C3 /* CCTableViewController.m */ = {isa = PBXFileReference; fileEncoding = 4; lastKnownFileType = sourcecode.c.objc; path = CCTableViewController.m; sourceTree = "<group>"; };
/* End PBXFileReference section */

/* Begin PBXFrameworksBuildPhase section */
		BB0C551619270EAB0009E7C3 /* Frameworks */ = {
			isa = PBXFrameworksBuildPhase;
			buildActionMask = 2147483647;
			files = (
				BB0C55671927119B0009E7C3 /* SystemConfiguration.framework in Frameworks */,
				BB0C5565192711810009E7C3 /* StoreKit.framework in Frameworks */,
				BB0C5563192711720009E7C3 /* Security.framework in Frameworks */,
				BB0C5561192711610009E7C3 /* QuartzCore.framework in Frameworks */,
				BB0C555F1927114D0009E7C3 /* MobileCoreServices.framework in Frameworks */,
				BB0C555D192711380009E7C3 /* libz.1.1.3.dylib in Frameworks */,
				BB0C555B192711200009E7C3 /* CoreLocation.framework in Frameworks */,
				BB0C5559192711070009E7C3 /* CFNetwork.framework in Frameworks */,
				BB0C5557192710F80009E7C3 /* AudioToolbox.framework in Frameworks */,
				BB0C551F19270EAB0009E7C3 /* CoreGraphics.framework in Frameworks */,
				BB0C552119270EAB0009E7C3 /* UIKit.framework in Frameworks */,
				BB0C5555192710BD0009E7C3 /* Parse.framework in Frameworks */,
				BB0C551D19270EAB0009E7C3 /* Foundation.framework in Frameworks */,
			);
			runOnlyForDeploymentPostprocessing = 0;
		};
		BB0C553A19270EAB0009E7C3 /* Frameworks */ = {
			isa = PBXFrameworksBuildPhase;
			buildActionMask = 2147483647;
			files = (
				BB0C553F19270EAB0009E7C3 /* XCTest.framework in Frameworks */,
				BB0C554119270EAB0009E7C3 /* UIKit.framework in Frameworks */,
				BB0C554019270EAB0009E7C3 /* Foundation.framework in Frameworks */,
			);
			runOnlyForDeploymentPostprocessing = 0;
		};
/* End PBXFrameworksBuildPhase section */

/* Begin PBXGroup section */
		BB0C551019270EAB0009E7C3 = {
			isa = PBXGroup;
			children = (
				BB0C552219270EAB0009E7C3 /* parse */,
				BB0C554419270EAB0009E7C3 /* parseTests */,
				BB0C551B19270EAB0009E7C3 /* Frameworks */,
				BB0C551A19270EAB0009E7C3 /* Products */,
			);
			sourceTree = "<group>";
		};
		BB0C551A19270EAB0009E7C3 /* Products */ = {
			isa = PBXGroup;
			children = (
				BB0C551919270EAB0009E7C3 /* parse.app */,
				BB0C553D19270EAB0009E7C3 /* parseTests.xctest */,
			);
			name = Products;
			sourceTree = "<group>";
		};
		BB0C551B19270EAB0009E7C3 /* Frameworks */ = {
			isa = PBXGroup;
			children = (
				BB0C55661927119B0009E7C3 /* SystemConfiguration.framework */,
				BB0C5564192711810009E7C3 /* StoreKit.framework */,
				BB0C5562192711720009E7C3 /* Security.framework */,
				BB0C5560192711610009E7C3 /* QuartzCore.framework */,
				BB0C555E1927114D0009E7C3 /* MobileCoreServices.framework */,
				BB0C555C192711380009E7C3 /* libz.1.1.3.dylib */,
				BB0C555A192711200009E7C3 /* CoreLocation.framework */,
				BB0C5558192711070009E7C3 /* CFNetwork.framework */,
				BB0C5556192710F80009E7C3 /* AudioToolbox.framework */,
				BB0C5554192710BD0009E7C3 /* Parse.framework */,
				BB0C551C19270EAB0009E7C3 /* Foundation.framework */,
				BB0C551E19270EAB0009E7C3 /* CoreGraphics.framework */,
				BB0C552019270EAB0009E7C3 /* UIKit.framework */,
				BB0C553E19270EAB0009E7C3 /* XCTest.framework */,
			);
			name = Frameworks;
			sourceTree = "<group>";
		};
		BB0C552219270EAB0009E7C3 /* parse */ = {
			isa = PBXGroup;
			children = (
				BB0C552B19270EAB0009E7C3 /* AppDelegate.h */,
				BB0C552C19270EAB0009E7C3 /* AppDelegate.m */,
				BB0C552E19270EAB0009E7C3 /* Main_iPhone.storyboard */,
				BB0C556819271A2A0009E7C3 /* CCTableViewController.h */,
				BB0C556919271A2A0009E7C3 /* CCTableViewController.m */,
				BB0C553119270EAB0009E7C3 /* Main_iPad.storyboard */,
				BB0C553419270EAB0009E7C3 /* ViewController.h */,
				BB0C553519270EAB0009E7C3 /* ViewController.m */,
				BB0C553719270EAB0009E7C3 /* Images.xcassets */,
				BB0C552319270EAB0009E7C3 /* Supporting Files */,
			);
			path = parse;
			sourceTree = "<group>";
		};
		BB0C552319270EAB0009E7C3 /* Supporting Files */ = {
			isa = PBXGroup;
			children = (
				BB0C552419270EAB0009E7C3 /* parse-Info.plist */,
				BB0C552519270EAB0009E7C3 /* InfoPlist.strings */,
				BB0C552819270EAB0009E7C3 /* main.m */,
				BB0C552A19270EAB0009E7C3 /* parse-Prefix.pch */,
			);
			name = "Supporting Files";
			sourceTree = "<group>";
		};
		BB0C554419270EAB0009E7C3 /* parseTests */ = {
			isa = PBXGroup;
			children = (
				BB0C554A19270EAB0009E7C3 /* parseTests.m */,
				BB0C554519270EAB0009E7C3 /* Supporting Files */,
			);
			path = parseTests;
			sourceTree = "<group>";
		};
		BB0C554519270EAB0009E7C3 /* Supporting Files */ = {
			isa = PBXGroup;
			children = (
				BB0C554619270EAB0009E7C3 /* parseTests-Info.plist */,
				BB0C554719270EAB0009E7C3 /* InfoPlist.strings */,
			);
			name = "Supporting Files";
			sourceTree = "<group>";
		};
/* End PBXGroup section */

/* Begin PBXNativeTarget section */
		BB0C551819270EAB0009E7C3 /* parse */ = {
			isa = PBXNativeTarget;
			buildConfigurationList = BB0C554E19270EAB0009E7C3 /* Build configuration list for PBXNativeTarget "parse" */;
			buildPhases = (
				BB0C551519270EAB0009E7C3 /* Sources */,
				BB0C551619270EAB0009E7C3 /* Frameworks */,
				BB0C551719270EAB0009E7C3 /* Resources */,
			);
			buildRules = (
			);
			dependencies = (
			);
			name = parse;
			productName = parse;
			productReference = BB0C551919270EAB0009E7C3 /* parse.app */;
			productType = "com.apple.product-type.application";
		};
		BB0C553C19270EAB0009E7C3 /* parseTests */ = {
			isa = PBXNativeTarget;
			buildConfigurationList = BB0C555119270EAB0009E7C3 /* Build configuration list for PBXNativeTarget "parseTests" */;
			buildPhases = (
				BB0C553919270EAB0009E7C3 /* Sources */,
				BB0C553A19270EAB0009E7C3 /* Frameworks */,
				BB0C553B19270EAB0009E7C3 /* Resources */,
			);
			buildRules = (
			);
			dependencies = (
				BB0C554319270EAB0009E7C3 /* PBXTargetDependency */,
			);
			name = parseTests;
			productName = parseTests;
			productReference = BB0C553D19270EAB0009E7C3 /* parseTests.xctest */;
			productType = "com.apple.product-type.bundle.unit-test";
		};
/* End PBXNativeTarget section */

/* Begin PBXProject section */
		BB0C551119270EAB0009E7C3 /* Project object */ = {
			isa = PBXProject;
			attributes = {
				LastUpgradeCheck = 0510;
				ORGANIZATIONNAME = "University of Cincinnati";
				TargetAttributes = {
					BB0C553C19270EAB0009E7C3 = {
						TestTargetID = BB0C551819270EAB0009E7C3;
					};
				};
			};
			buildConfigurationList = BB0C551419270EAB0009E7C3 /* Build configuration list for PBXProject "parse" */;
			compatibilityVersion = "Xcode 3.2";
			developmentRegion = English;
			hasScannedForEncodings = 0;
			knownRegions = (
				en,
				Base,
			);
			mainGroup = BB0C551019270EAB0009E7C3;
			productRefGroup = BB0C551A19270EAB0009E7C3 /* Products */;
			projectDirPath = "";
			projectRoot = "";
			targets = (
				BB0C551819270EAB0009E7C3 /* parse */,
				BB0C553C19270EAB0009E7C3 /* parseTests */,
			);
		};
/* End PBXProject section */

/* Begin PBXResourcesBuildPhase section */
		BB0C551719270EAB0009E7C3 /* Resources */ = {
			isa = PBXResourcesBuildPhase;
			buildActionMask = 2147483647;
			files = (
				BB0C553319270EAB0009E7C3 /* Main_iPad.storyboard in Resources */,
				BB0C553819270EAB0009E7C3 /* Images.xcassets in Resources */,
				BB0C553019270EAB0009E7C3 /* Main_iPhone.storyboard in Resources */,
				BB0C552719270EAB0009E7C3 /* InfoPlist.strings in Resources */,
			);
			runOnlyForDeploymentPostprocessing = 0;
		};
		BB0C553B19270EAB0009E7C3 /* Resources */ = {
			isa = PBXResourcesBuildPhase;
			buildActionMask = 2147483647;
			files = (
				BB0C554919270EAB0009E7C3 /* InfoPlist.strings in Resources */,
			);
			runOnlyForDeploymentPostprocessing = 0;
		};
/* End PBXResourcesBuildPhase section */

/* Begin PBXSourcesBuildPhase section */
		BB0C551519270EAB0009E7C3 /* Sources */ = {
			isa = PBXSourcesBuildPhase;
			buildActionMask = 2147483647;
			files = (
				BB0C553619270EAB0009E7C3 /* ViewController.m in Sources */,
				BB0C552D19270EAB0009E7C3 /* AppDelegate.m in Sources */,
				BB0C552919270EAB0009E7C3 /* main.m in Sources */,
				BB0C556A19271A2A0009E7C3 /* CCTableViewController.m in Sources */,
			);
			runOnlyForDeploymentPostprocessing = 0;
		};
		BB0C553919270EAB0009E7C3 /* Sources */ = {
			isa = PBXSourcesBuildPhase;
			buildActionMask = 2147483647;
			files = (
				BB0C554B19270EAB0009E7C3 /* parseTests.m in Sources */,
			);
			runOnlyForDeploymentPostprocessing = 0;
		};
/* End PBXSourcesBuildPhase section */

/* Begin PBXTargetDependency section */
		BB0C554319270EAB0009E7C3 /* PBXTargetDependency */ = {
			isa = PBXTargetDependency;
			target = BB0C551819270EAB0009E7C3 /* parse */;
			targetProxy = BB0C554219270EAB0009E7C3 /* PBXContainerItemProxy */;
		};
/* End PBXTargetDependency section */

/* Begin PBXVariantGroup section */
		BB0C552519270EAB0009E7C3 /* InfoPlist.strings */ = {
			isa = PBXVariantGroup;
			children = (
				BB0C552619270EAB0009E7C3 /* en */,
			);
			name = InfoPlist.strings;
			sourceTree = "<group>";
		};
		BB0C552E19270EAB0009E7C3 /* Main_iPhone.storyboard */ = {
			isa = PBXVariantGroup;
			children = (
				BB0C552F19270EAB0009E7C3 /* Base */,
			);
			name = Main_iPhone.storyboard;
			sourceTree = "<group>";
		};
		BB0C553119270EAB0009E7C3 /* Main_iPad.storyboard */ = {
			isa = PBXVariantGroup;
			children = (
				BB0C553219270EAB0009E7C3 /* Base */,
			);
			name = Main_iPad.storyboard;
			sourceTree = "<group>";
		};
		BB0C554719270EAB0009E7C3 /* InfoPlist.strings */ = {
			isa = PBXVariantGroup;
			children = (
				BB0C554819270EAB0009E7C3 /* en */,
			);
			name = InfoPlist.strings;
			sourceTree = "<group>";
		};
/* End PBXVariantGroup section */

/* Begin XCBuildConfiguration section */
		BB0C554C19270EAB0009E7C3 /* Debug */ = {
			isa = XCBuildConfiguration;
			buildSettings = {
				ALWAYS_SEARCH_USER_PATHS = NO;
				CLANG_CXX_LANGUAGE_STANDARD = "gnu++0x";
				CLANG_CXX_LIBRARY = "libc++";
				CLANG_ENABLE_MODULES = YES;
				CLANG_ENABLE_OBJC_ARC = YES;
				CLANG_WARN_BOOL_CONVERSION = YES;
				CLANG_WARN_CONSTANT_CONVERSION = YES;
				CLANG_WARN_DIRECT_OBJC_ISA_USAGE = YES_ERROR;
				CLANG_WARN_EMPTY_BODY = YES;
				CLANG_WARN_ENUM_CONVERSION = YES;
				CLANG_WARN_INT_CONVERSION = YES;
				CLANG_WARN_OBJC_ROOT_CLASS = YES_ERROR;
				CLANG_WARN__DUPLICATE_METHOD_MATCH = YES;
				"CODE_SIGN_IDENTITY[sdk=iphoneos*]" = "iPhone Developer";
				COPY_PHASE_STRIP = NO;
				GCC_C_LANGUAGE_STANDARD = gnu99;
				GCC_DYNAMIC_NO_PIC = NO;
				GCC_OPTIMIZATION_LEVEL = 0;
				GCC_PREPROCESSOR_DEFINITIONS = (
					"DEBUG=1",
					"$(inherited)",
				);
				GCC_SYMBOLS_PRIVATE_EXTERN = NO;
				GCC_WARN_64_TO_32_BIT_CONVERSION = YES;
				GCC_WARN_ABOUT_RETURN_TYPE = YES_ERROR;
				GCC_WARN_UNDECLARED_SELECTOR = YES;
				GCC_WARN_UNINITIALIZED_AUTOS = YES_AGGRESSIVE;
				GCC_WARN_UNUSED_FUNCTION = YES;
				GCC_WARN_UNUSED_VARIABLE = YES;
				IPHONEOS_DEPLOYMENT_TARGET = 7.1;
				ONLY_ACTIVE_ARCH = YES;
				SDKROOT = iphoneos;
				TARGETED_DEVICE_FAMILY = "1,2";
			};
			name = Debug;
		};
		BB0C554D19270EAB0009E7C3 /* Release */ = {
			isa = XCBuildConfiguration;
			buildSettings = {
				ALWAYS_SEARCH_USER_PATHS = NO;
				CLANG_CXX_LANGUAGE_STANDARD = "gnu++0x";
				CLANG_CXX_LIBRARY = "libc++";
				CLANG_ENABLE_MODULES = YES;
				CLANG_ENABLE_OBJC_ARC = YES;
				CLANG_WARN_BOOL_CONVERSION = YES;
				CLANG_WARN_CONSTANT_CONVERSION = YES;
				CLANG_WARN_DIRECT_OBJC_ISA_USAGE = YES_ERROR;
				CLANG_WARN_EMPTY_BODY = YES;
				CLANG_WARN_ENUM_CONVERSION = YES;
				CLANG_WARN_INT_CONVERSION = YES;
				CLANG_WARN_OBJC_ROOT_CLASS = YES_ERROR;
				CLANG_WARN__DUPLICATE_METHOD_MATCH = YES;
				"CODE_SIGN_IDENTITY[sdk=iphoneos*]" = "iPhone Developer";
				COPY_PHASE_STRIP = YES;
				ENABLE_NS_ASSERTIONS = NO;
				GCC_C_LANGUAGE_STANDARD = gnu99;
				GCC_WARN_64_TO_32_BIT_CONVERSION = YES;
				GCC_WARN_ABOUT_RETURN_TYPE = YES_ERROR;
				GCC_WARN_UNDECLARED_SELECTOR = YES;
				GCC_WARN_UNINITIALIZED_AUTOS = YES_AGGRESSIVE;
				GCC_WARN_UNUSED_FUNCTION = YES;
				GCC_WARN_UNUSED_VARIABLE = YES;
				IPHONEOS_DEPLOYMENT_TARGET = 7.1;
				SDKROOT = iphoneos;
				TARGETED_DEVICE_FAMILY = "1,2";
				VALIDATE_PRODUCT = YES;
			};
			name = Release;
		};
		BB0C554F19270EAB0009E7C3 /* Debug */ = {
			isa = XCBuildConfiguration;
			buildSettings = {
				ASSETCATALOG_COMPILER_APPICON_NAME = AppIcon;
				ASSETCATALOG_COMPILER_LAUNCHIMAGE_NAME = LaunchImage;
				FRAMEWORK_SEARCH_PATHS = (
					"$(inherited)",
					"$(PROJECT_DIR)",
				);
				GCC_PRECOMPILE_PREFIX_HEADER = YES;
				GCC_PREFIX_HEADER = "parse/parse-Prefix.pch";
				INFOPLIST_FILE = "parse/parse-Info.plist";
				PRODUCT_NAME = "$(TARGET_NAME)";
				WRAPPER_EXTENSION = app;
			};
			name = Debug;
		};
		BB0C555019270EAB0009E7C3 /* Release */ = {
			isa = XCBuildConfiguration;
			buildSettings = {
				ASSETCATALOG_COMPILER_APPICON_NAME = AppIcon;
				ASSETCATALOG_COMPILER_LAUNCHIMAGE_NAME = LaunchImage;
				FRAMEWORK_SEARCH_PATHS = (
					"$(inherited)",
					"$(PROJECT_DIR)",
				);
				GCC_PRECOMPILE_PREFIX_HEADER = YES;
				GCC_PREFIX_HEADER = "parse/parse-Prefix.pch";
				INFOPLIST_FILE = "parse/parse-Info.plist";
				PRODUCT_NAME = "$(TARGET_NAME)";
				WRAPPER_EXTENSION = app;
			};
			name = Release;
		};
		BB0C555219270EAB0009E7C3 /* Debug */ = {
			isa = XCBuildConfiguration;
			buildSettings = {
				BUNDLE_LOADER = "$(BUILT_PRODUCTS_DIR)/parse.app/parse";
				FRAMEWORK_SEARCH_PATHS = (
					"$(SDKROOT)/Developer/Library/Frameworks",
					"$(inherited)",
					"$(DEVELOPER_FRAMEWORKS_DIR)",
				);
				GCC_PRECOMPILE_PREFIX_HEADER = YES;
				GCC_PREFIX_HEADER = "parse/parse-Prefix.pch";
				GCC_PREPROCESSOR_DEFINITIONS = (
					"DEBUG=1",
					"$(inherited)",
				);
				INFOPLIST_FILE = "parseTests/parseTests-Info.plist";
				PRODUCT_NAME = "$(TARGET_NAME)";
				TEST_HOST = "$(BUNDLE_LOADER)";
				WRAPPER_EXTENSION = xctest;
			};
			name = Debug;
		};
		BB0C555319270EAB0009E7C3 /* Release */ = {
			isa = XCBuildConfiguration;
			buildSettings = {
				BUNDLE_LOADER = "$(BUILT_PRODUCTS_DIR)/parse.app/parse";
				FRAMEWORK_SEARCH_PATHS = (
					"$(SDKROOT)/Developer/Library/Frameworks",
					"$(inherited)",
					"$(DEVELOPER_FRAMEWORKS_DIR)",
				);
				GCC_PRECOMPILE_PREFIX_HEADER = YES;
				GCC_PREFIX_HEADER = "parse/parse-Prefix.pch";
				INFOPLIST_FILE = "parseTests/parseTests-Info.plist";
				PRODUCT_NAME = "$(TARGET_NAME)";
				TEST_HOST = "$(BUNDLE_LOADER)";
				WRAPPER_EXTENSION = xctest;
			};
			name = Release;
		};
/* End XCBuildConfiguration section */

/* Begin XCConfigurationList section */
		BB0C551419270EAB0009E7C3 /* Build configuration list for PBXProject "parse" */ = {
			isa = XCConfigurationList;
			buildConfigurations = (
				BB0C554C19270EAB0009E7C3 /* Debug */,
				BB0C554D19270EAB0009E7C3 /* Release */,
			);
			defaultConfigurationIsVisible = 0;
			defaultConfigurationName = Release;
		};
		BB0C554E19270EAB0009E7C3 /* Build configuration list for PBXNativeTarget "parse" */ = {
			isa = XCConfigurationList;
			buildConfigurations = (
				BB0C554F19270EAB0009E7C3 /* Debug */,
				BB0C555019270EAB0009E7C3 /* Release */,
			);
			defaultConfigurationIsVisible = 0;
		};
		BB0C555119270EAB0009E7C3 /* Build configuration list for PBXNativeTarget "parseTests" */ = {
			isa = XCConfigurationList;
			buildConfigurations = (
				BB0C555219270EAB0009E7C3 /* Debug */,
				BB0C555319270EAB0009E7C3 /* Release */,
			);
			defaultConfigurationIsVisible = 0;
		};
/* End XCConfigurationList section */
	};
	rootObject = BB0C551119270EAB0009E7C3 /* Project object */;
}
